
Microsoft Visual Studio Solution File, Format Version 12.00
# Visual Studio Version 17
VisualStudioVersion = 17.11.35303.130
MinimumVisualStudioVersion = 10.0.40219.1
Project("{9A19103F-16F7-4668-BE54-9A1E7A4F7556}") = "CsvToJsonWithMapping", "CsvToJsonWithMapping.csproj", "{C655C1C0-DAA2-4ED3-9654-02972A574D69}"
EndProject
Project("{9A19103F-16F7-4668-BE54-9A1E7A4F7556}") = "CsvToJsonWithMapping.Tests", "..\CsvToJsonWithMapping.Tests\CsvToJsonWithMapping.Tests.csproj", "{D79FD33A-E4EF-4883-934E-BFAEF95FBAB8}"
EndProject
Project("{9A19103F-16F7-4668-BE54-9A1E7A4F7556}") = "CsvToJsonWithMapping.AlgorithmTests", "..\CsvToJsonWithMapping.E2ETests\CsvToJsonWithMapping.AlgorithmTests.csproj", "{8EE1A41A-8716-4DF4-AEF0-AF58F879D64E}"
EndProject
Global
	GlobalSection(SolutionConfigurationPlatforms) = preSolution
		Debug|Any CPU = Debug|Any CPU
		Release|Any CPU = Release|Any CPU
	EndGlobalSection
	GlobalSection(ProjectConfigurationPlatforms) = postSolution
		{C655C1C0-DAA2-4ED3-9654-02972A574D69}.Debug|Any CPU.ActiveCfg = Debug|Any CPU
		{C655C1C0-DAA2-4ED3-9654-02972A574D69}.Debug|Any CPU.Build.0 = Debug|Any CPU
		{C655C1C0-DAA2-4ED3-9654-02972A574D69}.Release|Any CPU.ActiveCfg = Release|Any CPU
		{C655C1C0-DAA2-4ED3-9654-02972A574D69}.Release|Any CPU.Build.0 = Release|Any CPU
		{D79FD33A-E4EF-4883-934E-BFAEF95FBAB8}.Debug|Any CPU.ActiveCfg = Debug|Any CPU
		{D79FD33A-E4EF-4883-934E-BFAEF95FBAB8}.Debug|Any CPU.Build.0 = Debug|Any CPU
		{D79FD33A-E4EF-4883-934E-BFAEF95FBAB8}.Release|Any CPU.ActiveCfg = Release|Any CPU
		{D79FD33A-E4EF-4883-934E-BFAEF95FBAB8}.Release|Any CPU.Build.0 = Release|Any CPU
		{8EE1A41A-8716-4DF4-AEF0-AF58F879D64E}.Debug|Any CPU.ActiveCfg = Debug|Any CPU
		{8EE1A41A-8716-4DF4-AEF0-AF58F879D64E}.Debug|Any CPU.Build.0 = Debug|Any CPU
		{8EE1A41A-8716-4DF4-AEF0-AF58F879D64E}.Release|Any CPU.ActiveCfg = Release|Any CPU
		{8EE1A41A-8716-4DF4-AEF0-AF58F879D64E}.Release|Any CPU.Build.0 = Release|Any CPU
	EndGlobalSection
	GlobalSection(SolutionProperties) = preSolution
		HideSolutionNode = FALSE
	EndGlobalSection
	GlobalSection(ExtensibilityGlobals) = postSolution
		SolutionGuid = {71E91988-F86D-415C-AD21-7E128980B819}
	EndGlobalSection
EndGlobal
